
Microsoft Visual Studio Solution File, Format Version 12.00
# Visual Studio Version 16
VisualStudioVersion = 16.0.29306.81
MinimumVisualStudioVersion = 10.0.40219.1
Project("{9A19103F-16F7-4668-BE54-9A1E7A4F7556}") = "server", "..\server\server.csproj", "{B76A696E-BBA8-4FBF-98AA-AEFD4B18441C}"
EndProject
Project("{D954291E-2A0B-460D-934E-DC6B0785DB48}") = "SharedProject", "..\SharedProject\SharedProject.shproj", "{36AA2AF6-8010-4F24-91D6-67A6DDE922DB}"
EndProject
Project("{FAE04EC0-301F-11D3-BF4B-00C04F79EFBC}") = "serverTests", "..\serverTests\serverTests.csproj", "{FFCF85FB-537D-4793-A781-0EBC0173FE64}"
EndProject
Project("{FAE04EC0-301F-11D3-BF4B-00C04F79EFBC}") = "Client", "..\Client\Client.csproj", "{4EF61C02-298B-465A-8D32-AB210EABB9BB}"
EndProject
Global
	GlobalSection(SharedMSBuildProjectFiles) = preSolution
		..\SharedProject\SharedProject.projitems*{36aa2af6-8010-4f24-91d6-67a6dde922db}*SharedItemsImports = 13
		..\SharedProject\SharedProject.projitems*{4ef61c02-298b-465a-8d32-ab210eabb9bb}*SharedItemsImports = 4
	EndGlobalSection
	GlobalSection(SolutionConfigurationPlatforms) = preSolution
		Debug|Any CPU = Debug|Any CPU
		Debug|ARM = Debug|ARM
		Debug|ARM64 = Debug|ARM64
		Debug|x64 = Debug|x64
		Debug|x86 = Debug|x86
		Release|Any CPU = Release|Any CPU
		Release|ARM = Release|ARM
		Release|ARM64 = Release|ARM64
		Release|x64 = Release|x64
		Release|x86 = Release|x86
	EndGlobalSection
	GlobalSection(ProjectConfigurationPlatforms) = postSolution
		{B76A696E-BBA8-4FBF-98AA-AEFD4B18441C}.Debug|Any CPU.ActiveCfg = Debug|Any CPU
		{B76A696E-BBA8-4FBF-98AA-AEFD4B18441C}.Debug|Any CPU.Build.0 = Debug|Any CPU
		{B76A696E-BBA8-4FBF-98AA-AEFD4B18441C}.Debug|ARM.ActiveCfg = Debug|Any CPU
		{B76A696E-BBA8-4FBF-98AA-AEFD4B18441C}.Debug|ARM.Build.0 = Debug|Any CPU
		{B76A696E-BBA8-4FBF-98AA-AEFD4B18441C}.Debug|ARM64.ActiveCfg = Debug|Any CPU
		{B76A696E-BBA8-4FBF-98AA-AEFD4B18441C}.Debug|ARM64.Build.0 = Debug|Any CPU
		{B76A696E-BBA8-4FBF-98AA-AEFD4B18441C}.Debug|x64.ActiveCfg = Debug|Any CPU
		{B76A696E-BBA8-4FBF-98AA-AEFD4B18441C}.Debug|x64.Build.0 = Debug|Any CPU
		{B76A696E-BBA8-4FBF-98AA-AEFD4B18441C}.Debug|x86.ActiveCfg = Debug|Any CPU
		{B76A696E-BBA8-4FBF-98AA-AEFD4B18441C}.Debug|x86.Build.0 = Debug|Any CPU
		{B76A696E-BBA8-4FBF-98AA-AEFD4B18441C}.Release|Any CPU.ActiveCfg = Release|Any CPU
		{B76A696E-BBA8-4FBF-98AA-AEFD4B18441C}.Release|Any CPU.Build.0 = Release|Any CPU
		{B76A696E-BBA8-4FBF-98AA-AEFD4B18441C}.Release|ARM.ActiveCfg = Release|Any CPU
		{B76A696E-BBA8-4FBF-98AA-AEFD4B18441C}.Release|ARM.Build.0 = Release|Any CPU
		{B76A696E-BBA8-4FBF-98AA-AEFD4B18441C}.Release|ARM64.ActiveCfg = Release|Any CPU
		{B76A696E-BBA8-4FBF-98AA-AEFD4B18441C}.Release|ARM64.Build.0 = Release|Any CPU
		{B76A696E-BBA8-4FBF-98AA-AEFD4B18441C}.Release|x64.ActiveCfg = Release|Any CPU
		{B76A696E-BBA8-4FBF-98AA-AEFD4B18441C}.Release|x64.Build.0 = Release|Any CPU
		{B76A696E-BBA8-4FBF-98AA-AEFD4B18441C}.Release|x86.ActiveCfg = Release|Any CPU
		{B76A696E-BBA8-4FBF-98AA-AEFD4B18441C}.Release|x86.Build.0 = Release|Any CPU
		{FFCF85FB-537D-4793-A781-0EBC0173FE64}.Debug|Any CPU.ActiveCfg = Debug|Any CPU
		{FFCF85FB-537D-4793-A781-0EBC0173FE64}.Debug|Any CPU.Build.0 = Debug|Any CPU
		{FFCF85FB-537D-4793-A781-0EBC0173FE64}.Debug|ARM.ActiveCfg = Debug|Any CPU
		{FFCF85FB-537D-4793-A781-0EBC0173FE64}.Debug|ARM.Build.0 = Debug|Any CPU
		{FFCF85FB-537D-4793-A781-0EBC0173FE64}.Debug|ARM64.ActiveCfg = Debug|Any CPU
		{FFCF85FB-537D-4793-A781-0EBC0173FE64}.Debug|ARM64.Build.0 = Debug|Any CPU
		{FFCF85FB-537D-4793-A781-0EBC0173FE64}.Debug|x64.ActiveCfg = Debug|Any CPU
		{FFCF85FB-537D-4793-A781-0EBC0173FE64}.Debug|x64.Build.0 = Debug|Any CPU
		{FFCF85FB-537D-4793-A781-0EBC0173FE64}.Debug|x86.ActiveCfg = Debug|Any CPU
		{FFCF85FB-537D-4793-A781-0EBC0173FE64}.Debug|x86.Build.0 = Debug|Any CPU
		{FFCF85FB-537D-4793-A781-0EBC0173FE64}.Release|Any CPU.ActiveCfg = Release|Any CPU
		{FFCF85FB-537D-4793-A781-0EBC0173FE64}.Release|Any CPU.Build.0 = Release|Any CPU
		{FFCF85FB-537D-4793-A781-0EBC0173FE64}.Release|ARM.ActiveCfg = Release|Any CPU
		{FFCF85FB-537D-4793-A781-0EBC0173FE64}.Release|ARM.Build.0 = Release|Any CPU
		{FFCF85FB-537D-4793-A781-0EBC0173FE64}.Release|ARM64.ActiveCfg = Release|Any CPU
		{FFCF85FB-537D-4793-A781-0EBC0173FE64}.Release|ARM64.Build.0 = Release|Any CPU
		{FFCF85FB-537D-4793-A781-0EBC0173FE64}.Release|x64.ActiveCfg = Release|Any CPU
		{FFCF85FB-537D-4793-A781-0EBC0173FE64}.Release|x64.Build.0 = Release|Any CPU
		{FFCF85FB-537D-4793-A781-0EBC0173FE64}.Release|x86.ActiveCfg = Release|Any CPU
		{FFCF85FB-537D-4793-A781-0EBC0173FE64}.Release|x86.Build.0 = Release|Any CPU
		{4EF61C02-298B-465A-8D32-AB210EABB9BB}.Debug|Any CPU.ActiveCfg = Debug|Any CPU
		{4EF61C02-298B-465A-8D32-AB210EABB9BB}.Debug|Any CPU.Build.0 = Debug|Any CPU
		{4EF61C02-298B-465A-8D32-AB210EABB9BB}.Debug|ARM.ActiveCfg = Debug|Any CPU
		{4EF61C02-298B-465A-8D32-AB210EABB9BB}.Debug|ARM.Build.0 = Debug|Any CPU
		{4EF61C02-298B-465A-8D32-AB210EABB9BB}.Debug|ARM64.ActiveCfg = Debug|Any CPU
		{4EF61C02-298B-465A-8D32-AB210EABB9BB}.Debug|ARM64.Build.0 = Debug|Any CPU
		{4EF61C02-298B-465A-8D32-AB210EABB9BB}.Debug|x64.ActiveCfg = Debug|Any CPU
		{4EF61C02-298B-465A-8D32-AB210EABB9BB}.Debug|x64.Build.0 = Debug|Any CPU
		{4EF61C02-298B-465A-8D32-AB210EABB9BB}.Debug|x86.ActiveCfg = Debug|Any CPU
		{4EF61C02-298B-465A-8D32-AB210EABB9BB}.Debug|x86.Build.0 = Debug|Any CPU
		{4EF61C02-298B-465A-8D32-AB210EABB9BB}.Release|Any CPU.ActiveCfg = Release|Any CPU
		{4EF61C02-298B-465A-8D32-AB210EABB9BB}.Release|Any CPU.Build.0 = Release|Any CPU
		{4EF61C02-298B-465A-8D32-AB210EABB9BB}.Release|ARM.ActiveCfg = Release|Any CPU
		{4EF61C02-298B-465A-8D32-AB210EABB9BB}.Release|ARM.Build.0 = Release|Any CPU
		{4EF61C02-298B-465A-8D32-AB210EABB9BB}.Release|ARM64.ActiveCfg = Release|Any CPU
		{4EF61C02-298B-465A-8D32-AB210EABB9BB}.Release|ARM64.Build.0 = Release|Any CPU
		{4EF61C02-298B-465A-8D32-AB210EABB9BB}.Release|x64.ActiveCfg = Release|Any CPU
		{4EF61C02-298B-465A-8D32-AB210EABB9BB}.Release|x64.Build.0 = Release|Any CPU
		{4EF61C02-298B-465A-8D32-AB210EABB9BB}.Release|x86.ActiveCfg = Release|Any CPU
		{4EF61C02-298B-465A-8D32-AB210EABB9BB}.Release|x86.Build.0 = Release|Any CPU
	EndGlobalSection
	GlobalSection(SolutionProperties) = preSolution
		HideSolutionNode = FALSE
	EndGlobalSection
	GlobalSection(ExtensibilityGlobals) = postSolution
		SolutionGuid = {855F7426-E9A4-4B4C-9D22-44CEB08C60FE}
	EndGlobalSection
EndGlobal
